// !$*UTF8*$!
{
	archiveVersion = 1;
	classes = {
	};
	objectVersion = 46;
	objects = {

/* Begin PBXBuildFile section */
		B862CD901913457400067D06 /* Foundation.framework in Frameworks */ = {isa = PBXBuildFile; fileRef = B862CD8F1913457400067D06 /* Foundation.framework */; };
		B862CD921913457400067D06 /* CoreGraphics.framework in Frameworks */ = {isa = PBXBuildFile; fileRef = B862CD911913457400067D06 /* CoreGraphics.framework */; };
		B862CD941913457400067D06 /* UIKit.framework in Frameworks */ = {isa = PBXBuildFile; fileRef = B862CD931913457400067D06 /* UIKit.framework */; };
		B862CD9A1913457400067D06 /* InfoPlist.strings in Resources */ = {isa = PBXBuildFile; fileRef = B862CD981913457400067D06 /* InfoPlist.strings */; };
		B862CD9C1913457400067D06 /* main.m in Sources */ = {isa = PBXBuildFile; fileRef = B862CD9B1913457400067D06 /* main.m */; };
		B862CDA01913457400067D06 /* HJBAppDelegate.m in Sources */ = {isa = PBXBuildFile; fileRef = B862CD9F1913457400067D06 /* HJBAppDelegate.m */; };
		B862CDA21913457400067D06 /* Images.xcassets in Resources */ = {isa = PBXBuildFile; fileRef = B862CDA11913457400067D06 /* Images.xcassets */; };
		B862CDCE1913470E00067D06 /* main.m in Sources */ = {isa = PBXBuildFile; fileRef = B862CD9B1913457400067D06 /* main.m */; };
		B862CDCF1913470E00067D06 /* HJBAppDelegate.m in Sources */ = {isa = PBXBuildFile; fileRef = B862CD9F1913457400067D06 /* HJBAppDelegate.m */; };
		B862CDD11913470E00067D06 /* CoreGraphics.framework in Frameworks */ = {isa = PBXBuildFile; fileRef = B862CD911913457400067D06 /* CoreGraphics.framework */; };
		B862CDD21913470E00067D06 /* UIKit.framework in Frameworks */ = {isa = PBXBuildFile; fileRef = B862CD931913457400067D06 /* UIKit.framework */; };
		B862CDD31913470E00067D06 /* Foundation.framework in Frameworks */ = {isa = PBXBuildFile; fileRef = B862CD8F1913457400067D06 /* Foundation.framework */; };
		B862CDD51913470E00067D06 /* InfoPlist.strings in Resources */ = {isa = PBXBuildFile; fileRef = B862CD981913457400067D06 /* InfoPlist.strings */; };
		B862CDD61913470E00067D06 /* Images.xcassets in Resources */ = {isa = PBXBuildFile; fileRef = B862CDA11913457400067D06 /* Images.xcassets */; };
		B862CDDE191347B200067D06 /* NSObject+HJBMyCategory.m in Sources */ = {isa = PBXBuildFile; fileRef = B862CDDD191347B200067D06 /* NSObject+HJBMyCategory.m */; };
		B862CDE11913491800067D06 /* HJBMyClassThatUsesMyCategory.m in Sources */ = {isa = PBXBuildFile; fileRef = B862CDE01913491800067D06 /* HJBMyClassThatUsesMyCategory.m */; };
		B862CDE21913491C00067D06 /* HJBMyClassThatUsesMyCategory.m in Sources */ = {isa = PBXBuildFile; fileRef = B862CDE01913491800067D06 /* HJBMyClassThatUsesMyCategory.m */; };
		B862CDE5191349E600067D06 /* HJBMyClassThatIncludeMyCategoryInItsInterface.m in Sources */ = {isa = PBXBuildFile; fileRef = B862CDE4191349E600067D06 /* HJBMyClassThatIncludeMyCategoryInItsInterface.m */; };
		B862CDE619134B1900067D06 /* HJBMyClassThatIncludeMyCategoryInItsInterface.m in Sources */ = {isa = PBXBuildFile; fileRef = B862CDE4191349E600067D06 /* HJBMyClassThatIncludeMyCategoryInItsInterface.m */; };
		B862CDE919134BBD00067D06 /* main.m in Sources */ = {isa = PBXBuildFile; fileRef = B862CD9B1913457400067D06 /* main.m */; };
		B862CDEA19134BBD00067D06 /* HJBMyClassThatUsesMyCategory.m in Sources */ = {isa = PBXBuildFile; fileRef = B862CDE01913491800067D06 /* HJBMyClassThatUsesMyCategory.m */; };
		B862CDEB19134BBD00067D06 /* HJBAppDelegate.m in Sources */ = {isa = PBXBuildFile; fileRef = B862CD9F1913457400067D06 /* HJBAppDelegate.m */; };
		B862CDEC19134BBD00067D06 /* HJBMyClassThatIncludeMyCategoryInItsInterface.m in Sources */ = {isa = PBXBuildFile; fileRef = B862CDE4191349E600067D06 /* HJBMyClassThatIncludeMyCategoryInItsInterface.m */; };
		B862CDEE19134BBD00067D06 /* CoreGraphics.framework in Frameworks */ = {isa = PBXBuildFile; fileRef = B862CD911913457400067D06 /* CoreGraphics.framework */; };
		B862CDEF19134BBD00067D06 /* UIKit.framework in Frameworks */ = {isa = PBXBuildFile; fileRef = B862CD931913457400067D06 /* UIKit.framework */; };
		B862CDF019134BBD00067D06 /* Foundation.framework in Frameworks */ = {isa = PBXBuildFile; fileRef = B862CD8F1913457400067D06 /* Foundation.framework */; };
		B862CDF219134BBD00067D06 /* InfoPlist.strings in Resources */ = {isa = PBXBuildFile; fileRef = B862CD981913457400067D06 /* InfoPlist.strings */; };
		B862CDF319134BBD00067D06 /* Images.xcassets in Resources */ = {isa = PBXBuildFile; fileRef = B862CDA11913457400067D06 /* Images.xcassets */; };
		B862CDFA19134F9A00067D06 /* NSObject+HJBMySometimesUnsafeCategory.m in Sources */ = {isa = PBXBuildFile; fileRef = B862CDF919134F9A00067D06 /* NSObject+HJBMySometimesUnsafeCategory.m */; };
		B862CDFE1913557000067D06 /* NSObject+HJBMyCategory.m in Sources */ = {isa = PBXBuildFile; fileRef = B862CDDD191347B200067D06 /* NSObject+HJBMyCategory.m */; };
		B862CDFF191355C700067D06 /* NSObject+HJBMySometimesUnsafeCategory.m in Sources */ = {isa = PBXBuildFile; fileRef = B862CDF919134F9A00067D06 /* NSObject+HJBMySometimesUnsafeCategory.m */; };
/* End PBXBuildFile section */

/* Begin PBXFileReference section */
		B862CD8C1913457400067D06 /* HJBSafeCategory.app */ = {isa = PBXFileReference; explicitFileType = wrapper.application; includeInIndex = 0; path = HJBSafeCategory.app; sourceTree = BUILT_PRODUCTS_DIR; };
		B862CD8F1913457400067D06 /* Foundation.framework */ = {isa = PBXFileReference; lastKnownFileType = wrapper.framework; name = Foundation.framework; path = System/Library/Frameworks/Foundation.framework; sourceTree = SDKROOT; };
		B862CD911913457400067D06 /* CoreGraphics.framework */ = {isa = PBXFileReference; lastKnownFileType = wrapper.framework; name = CoreGraphics.framework; path = System/Library/Frameworks/CoreGraphics.framework; sourceTree = SDKROOT; };
		B862CD931913457400067D06 /* UIKit.framework */ = {isa = PBXFileReference; lastKnownFileType = wrapper.framework; name = UIKit.framework; path = System/Library/Frameworks/UIKit.framework; sourceTree = SDKROOT; };
		B862CD971913457400067D06 /* HJBSafeCategory-Info.plist */ = {isa = PBXFileReference; lastKnownFileType = text.plist.xml; path = "HJBSafeCategory-Info.plist"; sourceTree = "<group>"; };
		B862CD991913457400067D06 /* en */ = {isa = PBXFileReference; lastKnownFileType = text.plist.strings; name = en; path = en.lproj/InfoPlist.strings; sourceTree = "<group>"; };
		B862CD9B1913457400067D06 /* main.m */ = {isa = PBXFileReference; lastKnownFileType = sourcecode.c.objc; path = main.m; sourceTree = "<group>"; };
		B862CD9D1913457400067D06 /* HJBSafeCategory-Prefix.pch */ = {isa = PBXFileReference; lastKnownFileType = sourcecode.c.h; path = "HJBSafeCategory-Prefix.pch"; sourceTree = "<group>"; };
		B862CD9E1913457400067D06 /* HJBAppDelegate.h */ = {isa = PBXFileReference; lastKnownFileType = sourcecode.c.h; path = HJBAppDelegate.h; sourceTree = "<group>"; };
		B862CD9F1913457400067D06 /* HJBAppDelegate.m */ = {isa = PBXFileReference; lastKnownFileType = sourcecode.c.objc; path = HJBAppDelegate.m; sourceTree = "<group>"; };
		B862CDA11913457400067D06 /* Images.xcassets */ = {isa = PBXFileReference; lastKnownFileType = folder.assetcatalog; path = Images.xcassets; sourceTree = "<group>"; };
		B862CDA81913457400067D06 /* XCTest.framework */ = {isa = PBXFileReference; lastKnownFileType = wrapper.framework; name = XCTest.framework; path = Library/Frameworks/XCTest.framework; sourceTree = DEVELOPER_DIR; };
		B862CDCB191345D500067D06 /* HJBSafeCategory.h */ = {isa = PBXFileReference; lastKnownFileType = sourcecode.c.h; path = HJBSafeCategory.h; sourceTree = "<group>"; };
		B862CDDA1913470E00067D06 /* HJBSafeCategory-Linker-Failure.app */ = {isa = PBXFileReference; explicitFileType = wrapper.application; includeInIndex = 0; path = "HJBSafeCategory-Linker-Failure.app"; sourceTree = BUILT_PRODUCTS_DIR; };
		B862CDDC191347B200067D06 /* NSObject+HJBMyCategory.h */ = {isa = PBXFileReference; fileEncoding = 4; lastKnownFileType = sourcecode.c.h; path = "NSObject+HJBMyCategory.h"; sourceTree = "<group>"; };
		B862CDDD191347B200067D06 /* NSObject+HJBMyCategory.m */ = {isa = PBXFileReference; fileEncoding = 4; lastKnownFileType = sourcecode.c.objc; path = "NSObject+HJBMyCategory.m"; sourceTree = "<group>"; };
		B862CDDF1913491800067D06 /* HJBMyClassThatUsesMyCategory.h */ = {isa = PBXFileReference; fileEncoding = 4; lastKnownFileType = sourcecode.c.h; path = HJBMyClassThatUsesMyCategory.h; sourceTree = "<group>"; };
		B862CDE01913491800067D06 /* HJBMyClassThatUsesMyCategory.m */ = {isa = PBXFileReference; fileEncoding = 4; lastKnownFileType = sourcecode.c.objc; path = HJBMyClassThatUsesMyCategory.m; sourceTree = "<group>"; };
		B862CDE3191349E600067D06 /* HJBMyClassThatIncludeMyCategoryInItsInterface.h */ = {isa = PBXFileReference; fileEncoding = 4; lastKnownFileType = sourcecode.c.h; path = HJBMyClassThatIncludeMyCategoryInItsInterface.h; sourceTree = "<group>"; };
		B862CDE4191349E600067D06 /* HJBMyClassThatIncludeMyCategoryInItsInterface.m */ = {isa = PBXFileReference; fileEncoding = 4; lastKnownFileType = sourcecode.c.objc; path = HJBMyClassThatIncludeMyCategoryInItsInterface.m; sourceTree = "<group>"; };
		B862CDF719134BBD00067D06 /* HJBSafeCategory-Runtime-Failure.app */ = {isa = PBXFileReference; explicitFileType = wrapper.application; includeInIndex = 0; path = "HJBSafeCategory-Runtime-Failure.app"; sourceTree = BUILT_PRODUCTS_DIR; };
		B862CDF819134F9A00067D06 /* NSObject+HJBMySometimesUnsafeCategory.h */ = {isa = PBXFileReference; fileEncoding = 4; lastKnownFileType = sourcecode.c.h; path = "NSObject+HJBMySometimesUnsafeCategory.h"; sourceTree = "<group>"; };
		B862CDF919134F9A00067D06 /* NSObject+HJBMySometimesUnsafeCategory.m */ = {isa = PBXFileReference; fileEncoding = 4; lastKnownFileType = sourcecode.c.objc; path = "NSObject+HJBMySometimesUnsafeCategory.m"; sourceTree = "<group>"; };
/* End PBXFileReference section */

/* Begin PBXFrameworksBuildPhase section */
		B862CD891913457400067D06 /* Frameworks */ = {
			isa = PBXFrameworksBuildPhase;
			buildActionMask = 2147483647;
			files = (
				B862CD921913457400067D06 /* CoreGraphics.framework in Frameworks */,
				B862CD941913457400067D06 /* UIKit.framework in Frameworks */,
				B862CD901913457400067D06 /* Foundation.framework in Frameworks */,
			);
			runOnlyForDeploymentPostprocessing = 0;
		};
		B862CDD01913470E00067D06 /* Frameworks */ = {
			isa = PBXFrameworksBuildPhase;
			buildActionMask = 2147483647;
			files = (
				B862CDD11913470E00067D06 /* CoreGraphics.framework in Frameworks */,
				B862CDD21913470E00067D06 /* UIKit.framework in Frameworks */,
				B862CDD31913470E00067D06 /* Foundation.framework in Frameworks */,
			);
			runOnlyForDeploymentPostprocessing = 0;
		};
		B862CDED19134BBD00067D06 /* Frameworks */ = {
			isa = PBXFrameworksBuildPhase;
			buildActionMask = 2147483647;
			files = (
				B862CDEE19134BBD00067D06 /* CoreGraphics.framework in Frameworks */,
				B862CDEF19134BBD00067D06 /* UIKit.framework in Frameworks */,
				B862CDF019134BBD00067D06 /* Foundation.framework in Frameworks */,
			);
			runOnlyForDeploymentPostprocessing = 0;
		};
/* End PBXFrameworksBuildPhase section */

/* Begin PBXGroup section */
		B862CD831913457400067D06 = {
			isa = PBXGroup;
			children = (
				B862CD951913457400067D06 /* HJBSafeCategory */,
				B862CD8E1913457400067D06 /* Frameworks */,
				B862CD8D1913457400067D06 /* Products */,
			);
			sourceTree = "<group>";
		};
		B862CD8D1913457400067D06 /* Products */ = {
			isa = PBXGroup;
			children = (
				B862CD8C1913457400067D06 /* HJBSafeCategory.app */,
				B862CDDA1913470E00067D06 /* HJBSafeCategory-Linker-Failure.app */,
				B862CDF719134BBD00067D06 /* HJBSafeCategory-Runtime-Failure.app */,
			);
			name = Products;
			sourceTree = "<group>";
		};
		B862CD8E1913457400067D06 /* Frameworks */ = {
			isa = PBXGroup;
			children = (
				B862CD8F1913457400067D06 /* Foundation.framework */,
				B862CD911913457400067D06 /* CoreGraphics.framework */,
				B862CD931913457400067D06 /* UIKit.framework */,
				B862CDA81913457400067D06 /* XCTest.framework */,
			);
			name = Frameworks;
			sourceTree = "<group>";
		};
		B862CD951913457400067D06 /* HJBSafeCategory */ = {
			isa = PBXGroup;
			children = (
				B862CD9E1913457400067D06 /* HJBAppDelegate.h */,
				B862CD9F1913457400067D06 /* HJBAppDelegate.m */,
				B862CDA11913457400067D06 /* Images.xcassets */,
				B862CD961913457400067D06 /* Supporting Files */,
				B862CDCB191345D500067D06 /* HJBSafeCategory.h */,
				B862CDDC191347B200067D06 /* NSObject+HJBMyCategory.h */,
				B862CDDD191347B200067D06 /* NSObject+HJBMyCategory.m */,
				B862CDDF1913491800067D06 /* HJBMyClassThatUsesMyCategory.h */,
				B862CDE01913491800067D06 /* HJBMyClassThatUsesMyCategory.m */,
				B862CDE3191349E600067D06 /* HJBMyClassThatIncludeMyCategoryInItsInterface.h */,
				B862CDE4191349E600067D06 /* HJBMyClassThatIncludeMyCategoryInItsInterface.m */,
				B862CDF819134F9A00067D06 /* NSObject+HJBMySometimesUnsafeCategory.h */,
				B862CDF919134F9A00067D06 /* NSObject+HJBMySometimesUnsafeCategory.m */,
			);
			path = HJBSafeCategory;
			sourceTree = "<group>";
		};
		B862CD961913457400067D06 /* Supporting Files */ = {
			isa = PBXGroup;
			children = (
				B862CD971913457400067D06 /* HJBSafeCategory-Info.plist */,
				B862CD981913457400067D06 /* InfoPlist.strings */,
				B862CD9B1913457400067D06 /* main.m */,
				B862CD9D1913457400067D06 /* HJBSafeCategory-Prefix.pch */,
			);
			name = "Supporting Files";
			sourceTree = "<group>";
		};
/* End PBXGroup section */

/* Begin PBXNativeTarget section */
		B862CD8B1913457400067D06 /* HJBSafeCategory */ = {
			isa = PBXNativeTarget;
			buildConfigurationList = B862CDB81913457400067D06 /* Build configuration list for PBXNativeTarget "HJBSafeCategory" */;
			buildPhases = (
				B862CD881913457400067D06 /* Sources */,
				B862CD891913457400067D06 /* Frameworks */,
				B862CD8A1913457400067D06 /* Resources */,
			);
			buildRules = (
			);
			dependencies = (
			);
			name = HJBSafeCategory;
			productName = HJBSafeCategory;
			productReference = B862CD8C1913457400067D06 /* HJBSafeCategory.app */;
			productType = "com.apple.product-type.application";
		};
		B862CDCC1913470E00067D06 /* HJBSafeCategory-Linker-Failure */ = {
			isa = PBXNativeTarget;
			buildConfigurationList = B862CDD71913470E00067D06 /* Build configuration list for PBXNativeTarget "HJBSafeCategory-Linker-Failure" */;
			buildPhases = (
				B862CDCD1913470E00067D06 /* Sources */,
				B862CDD01913470E00067D06 /* Frameworks */,
				B862CDD41913470E00067D06 /* Resources */,
			);
			buildRules = (
			);
			dependencies = (
			);
			name = "HJBSafeCategory-Linker-Failure";
			productName = HJBSafeCategory;
			productReference = B862CDDA1913470E00067D06 /* HJBSafeCategory-Linker-Failure.app */;
			productType = "com.apple.product-type.application";
		};
		B862CDE719134BBD00067D06 /* HJBSafeCategory-Runtime-Failure */ = {
			isa = PBXNativeTarget;
			buildConfigurationList = B862CDF419134BBD00067D06 /* Build configuration list for PBXNativeTarget "HJBSafeCategory-Runtime-Failure" */;
			buildPhases = (
				B862CDE819134BBD00067D06 /* Sources */,
				B862CDED19134BBD00067D06 /* Frameworks */,
				B862CDF119134BBD00067D06 /* Resources */,
			);
			buildRules = (
			);
			dependencies = (
			);
			name = "HJBSafeCategory-Runtime-Failure";
			productName = HJBSafeCategory;
			productReference = B862CDF719134BBD00067D06 /* HJBSafeCategory-Runtime-Failure.app */;
			productType = "com.apple.product-type.application";
		};
/* End PBXNativeTarget section */

/* Begin PBXProject section */
		B862CD841913457400067D06 /* Project object */ = {
			isa = PBXProject;
			attributes = {
				CLASSPREFIX = HJB;
				LastUpgradeCheck = 0510;
				ORGANIZATIONNAME = "Heath Borders";
			};
			buildConfigurationList = B862CD871913457400067D06 /* Build configuration list for PBXProject "HJBSafeCategory" */;
			compatibilityVersion = "Xcode 3.2";
			developmentRegion = English;
			hasScannedForEncodings = 0;
			knownRegions = (
				en,
			);
			mainGroup = B862CD831913457400067D06;
			productRefGroup = B862CD8D1913457400067D06 /* Products */;
			projectDirPath = "";
			projectRoot = "";
			targets = (
				B862CD8B1913457400067D06 /* HJBSafeCategory */,
				B862CDCC1913470E00067D06 /* HJBSafeCategory-Linker-Failure */,
				B862CDE719134BBD00067D06 /* HJBSafeCategory-Runtime-Failure */,
			);
		};
/* End PBXProject section */

/* Begin PBXResourcesBuildPhase section */
		B862CD8A1913457400067D06 /* Resources */ = {
			isa = PBXResourcesBuildPhase;
			buildActionMask = 2147483647;
			files = (
				B862CD9A1913457400067D06 /* InfoPlist.strings in Resources */,
				B862CDA21913457400067D06 /* Images.xcassets in Resources */,
			);
			runOnlyForDeploymentPostprocessing = 0;
		};
		B862CDD41913470E00067D06 /* Resources */ = {
			isa = PBXResourcesBuildPhase;
			buildActionMask = 2147483647;
			files = (
				B862CDD51913470E00067D06 /* InfoPlist.strings in Resources */,
				B862CDD61913470E00067D06 /* Images.xcassets in Resources */,
			);
			runOnlyForDeploymentPostprocessing = 0;
		};
		B862CDF119134BBD00067D06 /* Resources */ = {
			isa = PBXResourcesBuildPhase;
			buildActionMask = 2147483647;
			files = (
				B862CDF219134BBD00067D06 /* InfoPlist.strings in Resources */,
				B862CDF319134BBD00067D06 /* Images.xcassets in Resources */,
			);
			runOnlyForDeploymentPostprocessing = 0;
		};
/* End PBXResourcesBuildPhase section */

/* Begin PBXSourcesBuildPhase section */
		B862CD881913457400067D06 /* Sources */ = {
			isa = PBXSourcesBuildPhase;
			buildActionMask = 2147483647;
			files = (
				B862CDE5191349E600067D06 /* HJBMyClassThatIncludeMyCategoryInItsInterface.m in Sources */,
				B862CD9C1913457400067D06 /* main.m in Sources */,
				B862CDDE191347B200067D06 /* NSObject+HJBMyCategory.m in Sources */,
				B862CDFA19134F9A00067D06 /* NSObject+HJBMySometimesUnsafeCategory.m in Sources */,
				B862CDE11913491800067D06 /* HJBMyClassThatUsesMyCategory.m in Sources */,
				B862CDA01913457400067D06 /* HJBAppDelegate.m in Sources */,
			);
			runOnlyForDeploymentPostprocessing = 0;
		};
		B862CDCD1913470E00067D06 /* Sources */ = {
			isa = PBXSourcesBuildPhase;
			buildActionMask = 2147483647;
			files = (
				B862CDCE1913470E00067D06 /* main.m in Sources */,
				B862CDFF191355C700067D06 /* NSObject+HJBMySometimesUnsafeCategory.m in Sources */,
				B862CDE21913491C00067D06 /* HJBMyClassThatUsesMyCategory.m in Sources */,
				B862CDCF1913470E00067D06 /* HJBAppDelegate.m in Sources */,
				B862CDE619134B1900067D06 /* HJBMyClassThatIncludeMyCategoryInItsInterface.m in Sources */,
			);
			runOnlyForDeploymentPostprocessing = 0;
		};
		B862CDE819134BBD00067D06 /* Sources */ = {
			isa = PBXSourcesBuildPhase;
			buildActionMask = 2147483647;
			files = (
				B862CDE919134BBD00067D06 /* main.m in Sources */,
				B862CDEA19134BBD00067D06 /* HJBMyClassThatUsesMyCategory.m in Sources */,
				B862CDFE1913557000067D06 /* NSObject+HJBMyCategory.m in Sources */,
				B862CDEB19134BBD00067D06 /* HJBAppDelegate.m in Sources */,
				B862CDEC19134BBD00067D06 /* HJBMyClassThatIncludeMyCategoryInItsInterface.m in Sources */,
			);
			runOnlyForDeploymentPostprocessing = 0;
		};
/* End PBXSourcesBuildPhase section */

/* Begin PBXVariantGroup section */
		B862CD981913457400067D06 /* InfoPlist.strings */ = {
			isa = PBXVariantGroup;
			children = (
				B862CD991913457400067D06 /* en */,
			);
			name = InfoPlist.strings;
			sourceTree = "<group>";
		};
/* End PBXVariantGroup section */

/* Begin XCBuildConfiguration section */
		B862CDB61913457400067D06 /* Debug */ = {
			isa = XCBuildConfiguration;
			buildSettings = {
				ALWAYS_SEARCH_USER_PATHS = NO;
				CLANG_CXX_LANGUAGE_STANDARD = "gnu++0x";
				CLANG_CXX_LIBRARY = "libc++";
				CLANG_ENABLE_MODULES = YES;
				CLANG_ENABLE_OBJC_ARC = YES;
				CLANG_WARN_BOOL_CONVERSION = YES;
				CLANG_WARN_CONSTANT_CONVERSION = YES;
				CLANG_WARN_DIRECT_OBJC_ISA_USAGE = YES_ERROR;
				CLANG_WARN_EMPTY_BODY = YES;
				CLANG_WARN_ENUM_CONVERSION = YES;
				CLANG_WARN_INT_CONVERSION = YES;
				CLANG_WARN_OBJC_ROOT_CLASS = YES_ERROR;
				CLANG_WARN__DUPLICATE_METHOD_MATCH = YES;
				"CODE_SIGN_IDENTITY[sdk=iphoneos*]" = "iPhone Developer";
				COPY_PHASE_STRIP = NO;
				GCC_C_LANGUAGE_STANDARD = gnu99;
				GCC_DYNAMIC_NO_PIC = NO;
				GCC_OPTIMIZATION_LEVEL = 0;
				GCC_PREPROCESSOR_DEFINITIONS = (
					"DEBUG=1",
					"$(inherited)",
				);
				GCC_SYMBOLS_PRIVATE_EXTERN = NO;
				GCC_WARN_64_TO_32_BIT_CONVERSION = YES;
				GCC_WARN_ABOUT_RETURN_TYPE = YES_ERROR;
				GCC_WARN_UNDECLARED_SELECTOR = YES;
				GCC_WARN_UNINITIALIZED_AUTOS = YES_AGGRESSIVE;
				GCC_WARN_UNUSED_FUNCTION = YES;
				GCC_WARN_UNUSED_VARIABLE = YES;
				IPHONEOS_DEPLOYMENT_TARGET = 7.1;
				ONLY_ACTIVE_ARCH = YES;
				SDKROOT = iphoneos;
				TARGETED_DEVICE_FAMILY = "1,2";
			};
			name = Debug;
		};
		B862CDB71913457400067D06 /* Release */ = {
			isa = XCBuildConfiguration;
			buildSettings = {
				ALWAYS_SEARCH_USER_PATHS = NO;
				CLANG_CXX_LANGUAGE_STANDARD = "gnu++0x";
				CLANG_CXX_LIBRARY = "libc++";
				CLANG_ENABLE_MODULES = YES;
				CLANG_ENABLE_OBJC_ARC = YES;
				CLANG_WARN_BOOL_CONVERSION = YES;
				CLANG_WARN_CONSTANT_CONVERSION = YES;
				CLANG_WARN_DIRECT_OBJC_ISA_USAGE = YES_ERROR;
				CLANG_WARN_EMPTY_BODY = YES;
				CLANG_WARN_ENUM_CONVERSION = YES;
				CLANG_WARN_INT_CONVERSION = YES;
				CLANG_WARN_OBJC_ROOT_CLASS = YES_ERROR;
				CLANG_WARN__DUPLICATE_METHOD_MATCH = YES;
				"CODE_SIGN_IDENTITY[sdk=iphoneos*]" = "iPhone Developer";
				COPY_PHASE_STRIP = YES;
				ENABLE_NS_ASSERTIONS = NO;
				GCC_C_LANGUAGE_STANDARD = gnu99;
				GCC_WARN_64_TO_32_BIT_CONVERSION = YES;
				GCC_WARN_ABOUT_RETURN_TYPE = YES_ERROR;
				GCC_WARN_UNDECLARED_SELECTOR = YES;
				GCC_WARN_UNINITIALIZED_AUTOS = YES_AGGRESSIVE;
				GCC_WARN_UNUSED_FUNCTION = YES;
				GCC_WARN_UNUSED_VARIABLE = YES;
				IPHONEOS_DEPLOYMENT_TARGET = 7.1;
				SDKROOT = iphoneos;
				TARGETED_DEVICE_FAMILY = "1,2";
				VALIDATE_PRODUCT = YES;
			};
			name = Release;
		};
		B862CDB91913457400067D06 /* Debug */ = {
			isa = XCBuildConfiguration;
			buildSettings = {
				ASSETCATALOG_COMPILER_APPICON_NAME = AppIcon;
				ASSETCATALOG_COMPILER_LAUNCHIMAGE_NAME = LaunchImage;
				GCC_PRECOMPILE_PREFIX_HEADER = YES;
				GCC_PREFIX_HEADER = "HJBSafeCategory/HJBSafeCategory-Prefix.pch";
				INFOPLIST_FILE = "HJBSafeCategory/HJBSafeCategory-Info.plist";
				PRODUCT_NAME = "$(TARGET_NAME)";
				WRAPPER_EXTENSION = app;
			};
			name = Debug;
		};
		B862CDBA1913457400067D06 /* Release */ = {
			isa = XCBuildConfiguration;
			buildSettings = {
				ASSETCATALOG_COMPILER_APPICON_NAME = AppIcon;
				ASSETCATALOG_COMPILER_LAUNCHIMAGE_NAME = LaunchImage;
				GCC_PRECOMPILE_PREFIX_HEADER = YES;
				GCC_PREFIX_HEADER = "HJBSafeCategory/HJBSafeCategory-Prefix.pch";
				INFOPLIST_FILE = "HJBSafeCategory/HJBSafeCategory-Info.plist";
				PRODUCT_NAME = "$(TARGET_NAME)";
				WRAPPER_EXTENSION = app;
			};
			name = Release;
		};
		B862CDD81913470E00067D06 /* Debug */ = {
			isa = XCBuildConfiguration;
			buildSettings = {
				ASSETCATALOG_COMPILER_APPICON_NAME = AppIcon;
				ASSETCATALOG_COMPILER_LAUNCHIMAGE_NAME = LaunchImage;
				GCC_PRECOMPILE_PREFIX_HEADER = YES;
				GCC_PREFIX_HEADER = "HJBSafeCategory/HJBSafeCategory-Prefix.pch";
				INFOPLIST_FILE = "HJBSafeCategory/HJBSafeCategory-Info.plist";
				PRODUCT_NAME = "HJBSafeCategory-Linker-Failure";
				WRAPPER_EXTENSION = app;
			};
			name = Debug;
		};
		B862CDD91913470E00067D06 /* Release */ = {
			isa = XCBuildConfiguration;
			buildSettings = {
				ASSETCATALOG_COMPILER_APPICON_NAME = AppIcon;
				ASSETCATALOG_COMPILER_LAUNCHIMAGE_NAME = LaunchImage;
				GCC_PRECOMPILE_PREFIX_HEADER = YES;
				GCC_PREFIX_HEADER = "HJBSafeCategory/HJBSafeCategory-Prefix.pch";
				INFOPLIST_FILE = "HJBSafeCategory/HJBSafeCategory-Info.plist";
				PRODUCT_NAME = "HJBSafeCategory-Linker-Failure";
				WRAPPER_EXTENSION = app;
			};
			name = Release;
		};
		B862CDF519134BBD00067D06 /* Debug */ = {
			isa = XCBuildConfiguration;
			buildSettings = {
				ASSETCATALOG_COMPILER_APPICON_NAME = AppIcon;
				ASSETCATALOG_COMPILER_LAUNCHIMAGE_NAME = LaunchImage;
				GCC_PRECOMPILE_PREFIX_HEADER = YES;
				GCC_PREFIX_HEADER = "HJBSafeCategory/HJBSafeCategory-Prefix.pch";
				"GCC_PREPROCESSOR_DEFINITIONS[arch=*]" = (
					"$(inherited)",
					"UNSAFE=1",
				);
				INFOPLIST_FILE = "HJBSafeCategory/HJBSafeCategory-Info.plist";
				PRODUCT_NAME = "HJBSafeCategory-Runtime-Failure";
				WRAPPER_EXTENSION = app;
			};
			name = Debug;
		};
		B862CDF619134BBD00067D06 /* Release */ = {
			isa = XCBuildConfiguration;
			buildSettings = {
				ASSETCATALOG_COMPILER_APPICON_NAME = AppIcon;
				ASSETCATALOG_COMPILER_LAUNCHIMAGE_NAME = LaunchImage;
				GCC_PRECOMPILE_PREFIX_HEADER = YES;
				GCC_PREFIX_HEADER = "HJBSafeCategory/HJBSafeCategory-Prefix.pch";
				"GCC_PREPROCESSOR_DEFINITIONS[arch=*]" = (
					"UNSAFE=1",
					"$(inherited)",
				);
				INFOPLIST_FILE = "HJBSafeCategory/HJBSafeCategory-Info.plist";
				PRODUCT_NAME = "HJBSafeCategory-Runtime-Failure";
				WRAPPER_EXTENSION = app;
			};
			name = Release;
		};
/* End XCBuildConfiguration section */

/* Begin XCConfigurationList section */
		B862CD871913457400067D06 /* Build configuration list for PBXProject "HJBSafeCategory" */ = {
			isa = XCConfigurationList;
			buildConfigurations = (
				B862CDB61913457400067D06 /* Debug */,
				B862CDB71913457400067D06 /* Release */,
			);
			defaultConfigurationIsVisible = 0;
			defaultConfigurationName = Release;
		};
		B862CDB81913457400067D06 /* Build configuration list for PBXNativeTarget "HJBSafeCategory" */ = {
			isa = XCConfigurationList;
			buildConfigurations = (
				B862CDB91913457400067D06 /* Debug */,
				B862CDBA1913457400067D06 /* Release */,
			);
			defaultConfigurationIsVisible = 0;
			defaultConfigurationName = Release;
		};
		B862CDD71913470E00067D06 /* Build configuration list for PBXNativeTarget "HJBSafeCategory-Linker-Failure" */ = {
			isa = XCConfigurationList;
			buildConfigurations = (
				B862CDD81913470E00067D06 /* Debug */,
				B862CDD91913470E00067D06 /* Release */,
			);
			defaultConfigurationIsVisible = 0;
			defaultConfigurationName = Release;
		};
		B862CDF419134BBD00067D06 /* Build configuration list for PBXNativeTarget "HJBSafeCategory-Runtime-Failure" */ = {
			isa = XCConfigurationList;
			buildConfigurations = (
				B862CDF519134BBD00067D06 /* Debug */,
				B862CDF619134BBD00067D06 /* Release */,
			);
			defaultConfigurationIsVisible = 0;
			defaultConfigurationName = Release;
		};
/* End XCConfigurationList section */
	};
	rootObject = B862CD841913457400067D06 /* Project object */;
}
